# This file may be used to create an environment using:
# $ conda create --name <env> --file <this file>
# platform: linux-64
@EXPLICIT
https://conda.anaconda.org/conda-forge/linux-64/llvm-openmp-22.1.8-h4922eb0_0.conda#7bbfdc5a6eca997d3b0873a575c3e155
https://conda.anaconda.org/conda-forge/linux-64/_openmp_mutex-4.5-7_kmp_llvm.conda#887b70e1d607fba7957aa02f9ee0d939
https://conda.anaconda.org/conda-forge/linux-64/libgcc-16.1.0-ha9f2e26_1.conda#5a7d954665c707c93311657cd779c705
https://conda.anaconda.org/conda-forge/linux-64/libgcc-ng-16.1.0-h69a702a_1.conda#7ed870c014a6f23c7dfafda53d2763a9
https://conda.anaconda.org/conda-forge/linux-64/libstdcxx-16.1.0-h934c35e_1.conda#aed6cf89adc1e9b846e4367ac538e434
https://conda.anaconda.org/conda-forge/linux-64/libstdcxx-ng-16.1.0-hdf11a46_1.conda#c94f06123272d8e129d4acf3a25ffb35
https://conda.anaconda.org/conda-forge/linux-64/aom-3.5.0-h27087fc_0.tar.bz2#a08150fd2298460cd1fcccf626305642
https://conda.anaconda.org/conda-forge/linux-64/icu-72.1-hcb278e6_0.conda#7c8d20d847bb45f56bd941578fcfa146
https://conda.anaconda.org/conda-forge/linux-64/libiconv-1.18-h0cb94f2_3.conda#f92233bf33e24a25668bb2119e2c51f9
https://conda.anaconda.org/conda-forge/linux-64/libzlib-1.3.2-h25fd6f3_3.conda#0de0122d9570a8ab637c6b73db268389
https://conda.anaconda.org/conda-forge/linux-64/liblzma-5.8.3-hb03c661_1.conda#1390b7c5ac0b1d8e447bc5efa6d3c8c2
https://conda.anaconda.org/conda-forge/linux-64/liblzma-devel-5.8.3-hb03c661_1.conda#6d83d6a332c19424e9e66b69b180ec11
https://conda.anaconda.org/conda-forge/linux-64/xz-gpl-tools-5.8.3-ha02ee65_1.conda#137db930adb0b3c5407485e0e1a50cfa
https://conda.anaconda.org/conda-forge/linux-64/xz-tools-5.8.3-hb03c661_1.conda#10d693a2db6e8339e4eebcb3a3dae88d
https://conda.anaconda.org/conda-forge/linux-64/xz-5.8.3-ha02ee65_1.conda#36a079606b3aaf9d726211825f182452
https://conda.anaconda.org/conda-forge/linux-64/libxml2-2.11.5-h0d562d8_0.conda#558ab736404275d7df61c473c1af35aa
https://conda.anaconda.org/conda-forge/linux-64/libhwloc-2.9.3-default_h554bfaf_1009.conda#f36ddc11ca46958197a45effdd286e45
https://conda.anaconda.org/conda-forge/linux-64/tbb-2021.11.0-h00ab1b0_1.conda#4531d2927578e7e254ff3bcf6457518c
https://conda.anaconda.org/conda-forge/linux-64/mkl-2024.2.2-ha770c72_17.conda#e4ab075598123e783b788b995afbdad0
https://conda.anaconda.org/conda-forge/linux-64/libblas-3.9.0-37_h5875eb1_mkl.conda#888c2ae634bce09709dffd739ba9f1bc
https://conda.anaconda.org/conda-forge/linux-64/libcblas-3.9.0-37_hfef963f_mkl.conda#f66eb9a9396715013772b8a3ef7396be
https://conda.anaconda.org/conda-forge/linux-64/liblapack-3.9.0-37_h5e43f62_mkl.conda#0c4af651539e79160cd3f0783391e918
https://conda.anaconda.org/conda-forge/linux-64/liblapacke-3.9.0-37_hdba1596_mkl.conda#4e76080972d13c913f178c90726b21ce
https://conda.anaconda.org/conda-forge/linux-64/mkl-include-2024.2.2-ha770c72_17.conda#c18fd07c02239a7eb744ea728db39630
https://conda.anaconda.org/conda-forge/linux-64/mkl-devel-2024.2.2-ha770c72_17.conda#e67269e07e58be5672f06441316f05f2
https://conda.anaconda.org/conda-forge/linux-64/blas-devel-3.9.0-37_hcf00494_mkl.conda#3a3a2906daecd117aad30e4d68276394
https://conda.anaconda.org/conda-forge/linux-64/blas-2.137-mkl.conda#9deb2d32720cc73c9991dbd9e24b499e
https://conda.anaconda.org/conda-forge/linux-64/bzip2-1.0.8-hda65f42_10.conda#e675fabcf81499adc7edf58124fb1e01
https://conda.anaconda.org/conda-forge/linux-64/zstd-1.5.7-hb78ec9c_7.conda#aa459086047c0e5e27023ab19f8cb86a
https://conda.anaconda.org/conda-forge/linux-64/ld_impl_linux-64-2.46.1-default_hbd61a6d_102.conda#449500f2c089da11c40f5c21312e3e07
https://conda.anaconda.org/conda-forge/linux-64/libffi-3.4.6-h2dba641_1.conda#ede4673863426c0883c0063d853bbd85
https://conda.anaconda.org/conda-forge/linux-64/libnsl-2.0.1-hb9d3cd8_1.conda#d864d34357c3b65a4b731f78c0801dc4
https://conda.anaconda.org/conda-forge/linux-64/libsqlite-3.53.4-h0737f62_1.conda#17b328272d5caa0994678529be5b86ab
https://conda.anaconda.org/conda-forge/linux-64/libuuid-2.42.2-h5347b49_0.conda#01bb81d12c957de066ea7362007df642
https://conda.anaconda.org/conda-forge/linux-64/libxcrypt-4.4.38-h280c20c_0.conda#f7a7ff5a6ab331e037abd34f379a631d
https://conda.anaconda.org/conda-forge/linux-64/ncurses-6.6-hdb14827_1.conda#ee6c0cd80a60961a1f48aa3e0b91f986
https://conda.anaconda.org/conda-forge/noarch/ca-certificates-2026.7.22-hbd8a1cb_0.conda#0f51e2391ade309db462a55611263e9c
https://conda.anaconda.org/conda-forge/linux-64/openssl-3.6.3-h35e630c_1.conda#c5955c27917ff2234def47f075e71e02
https://conda.anaconda.org/conda-forge/linux-64/readline-8.3-hd6e31c0_1.conda#69c01c781e7c8190bbdaf79e3848c5ca
https://conda.anaconda.org/conda-forge/linux-64/tk-8.6.13-noxft_hd72426e_102.conda#a0116df4f4ed05c303811a837d5b39d8
https://conda.anaconda.org/conda-forge/noarch/tzdata-2026c-h151e31d_0.conda#fcb489df604d100968b737f2cb6076c6
https://conda.anaconda.org/conda-forge/linux-64/python-3.9.20-h13acc7a_1_cpython.conda#951cff166a5f170e27908811917165f8
https://conda.anaconda.org/conda-forge/noarch/python_abi-3.9-8_cp39.conda#c2f0c4bf417925c27b62ab50264baa98
https://conda.anaconda.org/conda-forge/linux-64/brotli-python-1.1.0-py39hf88036b_3.conda#1ccd2aba673acca7aa2f289266efe2db
https://conda.anaconda.org/conda-forge/linux-64/libexpat-2.8.1-hecca717_1.conda#b24d3c612f71e7aa74158d92106318b2
https://conda.anaconda.org/conda-forge/linux-64/libpng-1.6.58-h922cc85_1.conda#fcf71c8d979148873f6f8ad4cfc73d86
https://conda.anaconda.org/conda-forge/linux-64/libfreetype6-2.14.3-h5e6c136_2.conda#b72a266a9317036fd0464cb98b027cd0
https://conda.anaconda.org/conda-forge/linux-64/libfreetype-2.14.3-ha770c72_2.conda#f8054e759d0ddddaf34a5c8fedc900a1
https://conda.anaconda.org/conda-forge/linux-64/fontconfig-2.18.3-h4db4eae_1.conda#922776b528a470ab5afa81fd42abfa1d
https://conda.anaconda.org/conda-forge/noarch/font-ttf-dejavu-sans-mono-2.37-hab24e00_0.tar.bz2#0c96522c6bdaed4b1566d11387caaf45
https://conda.anaconda.org/conda-forge/noarch/font-ttf-inconsolata-3.000-h77eed37_0.tar.bz2#34893075a5c9e55cdafac56607368fc6
https://conda.anaconda.org/conda-forge/noarch/font-ttf-source-code-pro-2.038-h77eed37_0.tar.bz2#4d59c254e01d9cde7957100457e2d5fb
https://conda.anaconda.org/conda-forge/noarch/font-ttf-ubuntu-0.83-h77eed37_3.conda#49023d73832ef61042f6a237cb2687e7
https://conda.anaconda.org/conda-forge/noarch/fonts-conda-forge-1-hc364b38_1.conda#a7970cd949a077b7cb9696379d338681
https://conda.anaconda.org/conda-forge/noarch/fonts-conda-ecosystem-1-0.tar.bz2#fee5683a3f04bd15cbd8318b096a27ab
https://conda.anaconda.org/conda-forge/linux-64/freetype-2.14.3-ha770c72_2.conda#2d0ea23b23603e07ca47f23f949f67b6
https://conda.anaconda.org/conda-forge/linux-64/pcre2-10.46-h1321c63_0.conda#7fa07cb0fb1b625a089ccc01218ee5b1
https://conda.anaconda.org/conda-forge/linux-64/libglib-2.86.0-h1fed272_0.conda#b8e4c93f4ab70c3b6f6499299627dbdc
https://conda.anaconda.org/conda-forge/linux-64/pthread-stubs-0.4-hb03c661_1003.conda#df2c27f36bdb0dde779f55b5df76a352
https://conda.anaconda.org/conda-forge/linux-64/xorg-libxau-1.0.12-hb03c661_2.conda#f06ef439c280a5f90b8bf62355008dbc
https://conda.anaconda.org/conda-forge/linux-64/xorg-libxdmcp-1.1.5-hb03c661_2.conda#2e66c929f3d879708335b6ea4557c838
https://conda.anaconda.org/conda-forge/linux-64/libxcb-1.13-h7f98852_1004.tar.bz2#b3653fdc58d03face9724f602218a904
https://conda.anaconda.org/conda-forge/linux-64/pixman-0.46.4-h54a6638_3.conda#0ee5bb30034b081a1386c1e2c98ab0a7
https://conda.anaconda.org/conda-forge/linux-64/xorg-libice-1.1.2-h280c20c_0.conda#85c9442aec283b4e464fa9ecc484a2f3
https://conda.anaconda.org/conda-forge/linux-64/xorg-libsm-1.2.6-h0d788c3_1.conda#aa7459ed9ad086ba11dda843d764b33d
https://conda.anaconda.org/conda-forge/linux-64/xorg-kbproto-1.0.7-hb9d3cd8_1003.conda#e87bfacb110d85e1eb6099c9ed8e7236
https://conda.anaconda.org/conda-forge/linux-64/xorg-xextproto-7.3.0-hb9d3cd8_1004.conda#bc4cd53a083b6720d61a1519a1900878
https://conda.anaconda.org/conda-forge/linux-64/xorg-xproto-7.0.31-hb9d3cd8_1008.conda#a63f5b66876bb1ec734ab4bdc4d11e86
https://conda.anaconda.org/conda-forge/linux-64/xorg-libx11-1.8.4-h0b41bf4_0.conda#ea8fbfeb976ac49cbeb594e985393514
https://conda.anaconda.org/conda-forge/linux-64/xorg-libxext-1.3.4-h0b41bf4_2.conda#82b6df12252e6f32402b96dacc656fec
https://conda.anaconda.org/conda-forge/linux-64/xorg-renderproto-0.11.1-hb9d3cd8_1003.conda#bf90782559bce8447609933a7d45995a
https://conda.anaconda.org/conda-forge/linux-64/xorg-libxrender-0.9.10-h7f98852_1003.tar.bz2#f59c1242cc1dd93e72c2ee2b360979eb
https://conda.anaconda.org/conda-forge/linux-64/zlib-1.3.2-h25fd6f3_3.conda#6acb86426229f96f93e5468d1df3a5e8
https://conda.anaconda.org/conda-forge/linux-64/cairo-1.16.0-h35add3b_1015.conda#0c944213e40c9e4aa32292776b9c6903
https://conda.anaconda.org/conda-forge/noarch/certifi-2025.8.3-pyhd8ed1ab_0.conda#11f59985f49df4620890f3e746ed7102
https://conda.anaconda.org/conda-forge/noarch/pycparser-2.22-pyh29332c3_1.conda#12c566707c80111f9799308d9e265aef
https://conda.anaconda.org/conda-forge/linux-64/cffi-1.17.1-py39h15c3d72_0.conda#7e61b8777f42e00b08ff059f9e8ebc44
https://conda.anaconda.org/conda-forge/noarch/charset-normalizer-3.4.3-pyhd8ed1ab_0.conda#7e7d5ef1b9ed630e4a1c358d6bc62284
https://conda.anaconda.org/nvidia/linux-64/cuda-cudart-11.7.99-0.tar.bz2#79859ac9109109826d77e5e2bbbe18b5
https://conda.anaconda.org/nvidia/linux-64/cuda-cupti-11.7.101-0.tar.bz2#099e29408a247a0a50bc976dc5e716b0
https://conda.anaconda.org/nvidia/linux-64/cuda-nvrtc-11.7.99-0.tar.bz2#f56ebbd9aa130d0fae45079d8bf76617
https://conda.anaconda.org/nvidia/linux-64/libcublas-11.10.3.66-0.tar.bz2#1d3211d2deb549b84f6fdaf96f7cbb88
https://conda.anaconda.org/nvidia/linux-64/libcufft-10.7.2.124-h4fbf590_0.tar.bz2#dc69f1daa40372e9b869064ab926ee26
https://conda.anaconda.org/nvidia/noarch/cuda-version-13.3-hcbadf70_4.conda#e834e2ab8cec7873334b0e3123d61b2f
https://conda.anaconda.org/conda-forge/linux-64/libnl-3.11.0-hb03c661_1.conda#eeaf53e3c9593d63ffee5ad97182858e
https://conda.anaconda.org/conda-forge/linux-64/libcap-2.78-h084b8d7_1.conda#5db514adf5f843126ff846d1510f22a4
https://conda.anaconda.org/conda-forge/linux-64/libsystemd0-261.2-h6f4a2f1_0.conda#592a8bd3952e6da248e3a40fdd612ed1
https://conda.anaconda.org/conda-forge/linux-64/libudev1-261.2-h6f4a2f1_0.conda#6f0fe22fab3d7e1fa244c6b59c710530
https://conda.anaconda.org/conda-forge/linux-64/rdma-core-63.0-h192683f_1.conda#da47d3251c0f0d16b2801afe5a77b532
https://conda.anaconda.org/nvidia/linux-64/libcufile-1.18.1.6-hfa86176_0.conda#76efc947b889575f762df374a7d873fa
https://conda.anaconda.org/nvidia/linux-64/libcurand-10.4.3.29-h7a5d6f9_0.conda#4aa3289e05c4532f98d4388a40a09534
https://conda.anaconda.org/nvidia/linux-64/libcusolver-11.4.0.1-0.tar.bz2#c4de49e8b2f01065962f2fec81fb7058
https://conda.anaconda.org/nvidia/linux-64/libcusparse-11.7.4.91-0.tar.bz2#9ca85f813fbc5e8b811a1ad4ca451911
https://conda.anaconda.org/nvidia/linux-64/libnpp-11.7.4.75-0.tar.bz2#0a55ecd0b813fe5774ede297007e5413
https://conda.anaconda.org/nvidia/linux-64/libnvjpeg-11.8.0.2-0.tar.bz2#32a0a604688ee485878887ff4c086f77
https://conda.anaconda.org/nvidia/linux-64/cuda-libraries-11.7.1-0.tar.bz2#6fc99cc9d2e7d6d2da1c10c5e140ab8c
https://conda.anaconda.org/nvidia/linux-64/cuda-nvtx-11.7.91-0.tar.bz2#87381e82875d3b341e2d48a5c4d26e2b
https://conda.anaconda.org/nvidia/linux-64/cuda-runtime-11.7.1-0.tar.bz2#e88cf61af312d2621a0224d431be511b
https://conda.anaconda.org/conda-forge/linux-64/dav1d-1.2.1-hd590300_0.conda#418c6ca5929a611cbd69204907a83995
https://conda.anaconda.org/conda-forge/linux-64/gmp-6.3.0-hfd2156b_3.conda#576e32739f323438bf69ab006c21be7b
https://conda.anaconda.org/conda-forge/linux-64/libunistring-0.9.10-h7f98852_0.tar.bz2#7245a044b4a1980ed83196176b78b73a
https://conda.anaconda.org/conda-forge/linux-64/libidn2-2.3.8-hfac485b_1.conda#842a81de672ddcf476337c8bde3cad33
https://conda.anaconda.org/conda-forge/linux-64/libtasn1-4.21.0-hb03c661_1.conda#e9268f0d59cc7559d0e910b402cd437a
https://conda.anaconda.org/conda-forge/linux-64/nettle-3.9.1-h7ab15ed_0.conda#2bf1915cc107738811368afcb0993a59
https://conda.anaconda.org/conda-forge/linux-64/p11-kit-0.24.1-hc5aa10d_0.tar.bz2#56ee94e34b71742bbdfa832c974e47a8
https://conda.anaconda.org/conda-forge/linux-64/gnutls-3.7.9-hb077bed_0.conda#33eded89024f21659b1975886a4acf70
https://conda.anaconda.org/conda-forge/linux-64/lame-3.100-h166bdaf_1003.tar.bz2#a8832b479f93521a9e7b5b743803be51
https://conda.anaconda.org/conda-forge/linux-64/fribidi-1.0.16-hb03c661_1.conda#1cd10eda5692519d01bb20e086e214c9
https://conda.anaconda.org/conda-forge/linux-64/graphite2-1.3.15-h54a6638_1.conda#f9fe2984587fa8235a6af6004760cd18
https://conda.anaconda.org/conda-forge/linux-64/harfbuzz-7.3.0-hdb3a94d_0.conda#765bc76c0dfaf24ff9d8a2935b2510df
https://conda.anaconda.org/conda-forge/linux-64/libass-0.17.1-hc9aadba_0.conda#436f1014ae041c6d94fcac397461a299
https://conda.anaconda.org/conda-forge/linux-64/libopus-1.6.1-h280c20c_0.conda#2446ac1fe030c2aa6141386c1f5a6aed
https://conda.anaconda.org/conda-forge/linux-64/libpciaccess-0.19-hb03c661_1.conda#35fa2b34bbced424e6976d30f5fde576
https://conda.anaconda.org/conda-forge/linux-64/libdrm-2.4.129-h7cc23a3_0.conda#64cc91512b6278c315349dc13c53f680
https://conda.anaconda.org/conda-forge/linux-64/xorg-fixesproto-5.0-hb9d3cd8_1003.conda#19fe37721037acc0a1ed76b8cf937359
https://conda.anaconda.org/conda-forge/linux-64/xorg-libxfixes-5.0.3-h7f98852_1004.tar.bz2#e9a21aa4d5e3e5f1aed71e8cefd46b6a
https://conda.anaconda.org/conda-forge/linux-64/libva-2.18.0-h0b41bf4_0.conda#56e049224de34bbe0478aad422227942
https://conda.anaconda.org/conda-forge/linux-64/libvpx-1.13.1-h59595ed_0.conda#0974a6d3432e10bae02bcab0cce1b308
https://conda.anaconda.org/conda-forge/linux-64/openh264-2.3.1-hcb278e6_2.conda#37d01894f256b2a6921c5a218f42f8a2
https://conda.anaconda.org/conda-forge/linux-64/svt-av1-1.6.0-h59595ed_0.conda#26d28bba29ad67e81fa278b417f7e00a
https://conda.anaconda.org/conda-forge/linux-64/x264-1!164.3095-h166bdaf_2.tar.bz2#6c99772d483f566d59e25037fea2c4b1
https://conda.anaconda.org/conda-forge/linux-64/x265-3.5-h924138e_3.tar.bz2#e7f6ed84d4623d52ee581325c1587a6b
https://conda.anaconda.org/conda-forge/linux-64/ffmpeg-6.0.0-gpl_hdbbbd96_103.conda#20eeaa513f8cc355e8b0ebce04ff96d6
https://conda.anaconda.org/conda-forge/noarch/hpack-4.1.0-pyhd8ed1ab_0.conda#0a802cb9888dd14eeefc611f05c40b6e
https://conda.anaconda.org/conda-forge/noarch/hyperframe-6.1.0-pyhd8ed1ab_0.conda#8e6923fc12f1fe8f8c4e5c9f343256ac
https://conda.anaconda.org/conda-forge/noarch/h2-4.2.0-pyhd8ed1ab_0.conda#b4754fb1bdcb70c8fd54f918301582c6
https://conda.anaconda.org/conda-forge/noarch/idna-3.11-pyhf9edf01_1.conda#ed83a53046788a688a38b76e436f5aac
https://conda.anaconda.org/conda-forge/linux-64/jpeg-9e-h0b41bf4_3.conda#c7a069243e1fbe9a556ed2ec030e6407
https://conda.anaconda.org/conda-forge/linux-64/lerc-4.2.0-hdb68285_0.conda#fb9d356b1a57d6d54768be7ebd5fce09
https://conda.anaconda.org/conda-forge/linux-64/libdeflate-1.25-hd45a770_1.conda#40f9b31aa9cf007789867df0decd0492
https://conda.anaconda.org/conda-forge/linux-64/libwebp-base-1.6.0-hd42ef1d_1.conda#9332b53d0ea93c5d39e33be03a0c611a
https://conda.anaconda.org/conda-forge/linux-64/libtiff-4.5.0-h6adf6a1_2.conda#2e648a34072eb39d7c4fc2a9981c5f0c
https://conda.anaconda.org/conda-forge/linux-64/lcms2-2.15-hfd0df8a_0.conda#aa8840cdf17ef0c6084d1e24abc7a28b
https://conda.anaconda.org/conda-forge/linux-64/numpy-2.0.2-py39h9cb892a_1.conda#be95cf76ebd05d08be67e50e88d3cd49
https://conda.anaconda.org/conda-forge/linux-64/openjpeg-2.5.0-hfec8fc6_2.conda#5ce6a42505c6e9e6151c54c3ec8d68ea
https://conda.anaconda.org/conda-forge/linux-64/pillow-9.4.0-py39h2320bf1_1.conda#d2f79132b9c8e416058a4cd84ef27b3d
https://conda.anaconda.org/conda-forge/noarch/setuptools-80.9.0-pyhff2d567_0.conda#4de79c071274a53dcaf2a8c749d1499e
https://conda.anaconda.org/conda-forge/noarch/wheel-0.45.1-pyhd8ed1ab_1.conda#75cb7132eb58d97896e173ef12ac9986
https://conda.anaconda.org/conda-forge/noarch/pip-25.2-pyh8b19718_0.conda#dfce4b2af4bfe90cdcaf56ca0b28ddf5
https://conda.anaconda.org/conda-forge/noarch/pysocks-1.7.1-pyha55dd90_7.conda#461219d1a5bd61342293efa2c0c90eac
https://conda.anaconda.org/pytorch/linux-64/pytorch-cuda-11.7-h778d358_5.tar.bz2#bba2918836f9fe6c1b518256dda67dee
https://conda.anaconda.org/pytorch/noarch/pytorch-mutex-1.0-cuda.tar.bz2#a948316e36fb5b11223b3fcfa93f8358
https://conda.anaconda.org/conda-forge/noarch/typing_extensions-4.14.1-pyhe01879c_0.conda#e523f4f1e980ed7a4240d7e27e9ec81f
https://conda.anaconda.org/pytorch/linux-64/pytorch-1.13.0-py3.9_cuda11.7_cudnn8.5.0_0.tar.bz2#0a8ece44ecb93c1ed2f6106513045262
https://conda.anaconda.org/conda-forge/linux-64/zstandard-0.23.0-py39hd399759_3.conda#2f6845f6cdf545845a60c4dcbd017c78
https://conda.anaconda.org/conda-forge/noarch/urllib3-2.5.0-pyhd8ed1ab_0.conda#436c165519e140cb08d246a4472a9d6a
https://conda.anaconda.org/conda-forge/noarch/requests-2.32.5-pyhd8ed1ab_0.conda#db0c6b99149880c8ba515cf4abe93ee4
https://conda.anaconda.org/pytorch/linux-64/torchaudio-0.13.0-py39_cu117.tar.bz2#e770bdfcee5ea953844300815eac975b
https://conda.anaconda.org/pytorch/linux-64/torchvision-0.14.0-py39_cu117.tar.bz2#f7c1f5811667fd0c083c8f47a08dc520
